<?xml version="1.0" encoding="utf-8"?>
<Project ToolsVersion="4.0" xmlns="http://schemas.microsoft.com/developer/msbuild/2003">
  <ItemGroup>
    <Filter Include="IL">
      <UniqueIdentifier>{FA735900-E6FF-870B-4FAE-880B3B59880B}</UniqueIdentifier>
    </Filter>
    <Filter Include="IL\Events">
      <UniqueIdentifier>{9EA29918-0A0D-4E8F-534B-FF34BFF42BE4}</UniqueIdentifier>
    </Filter>
    <Filter Include="Platform">
      <UniqueIdentifier>{2AC788B4-1694-E3BF-3FAD-D1672BD9184E}</UniqueIdentifier>
    </Filter>
    <Filter Include="Platform\Windows">
      <UniqueIdentifier>{64FBD71A-50F4-F66C-7926-DCF1657ED678}</UniqueIdentifier>
    </Filter>
  </ItemGroup>
  <ItemGroup>
    <ClInclude Include="src\IL.h" />
    <ClInclude Include="src\IL\Application.h">
      <Filter>IL</Filter>
    </ClInclude>
    <ClInclude Include="src\IL\Core.h">
      <Filter>IL</Filter>
    </ClInclude>
    <ClInclude Include="src\IL\EntryPoint.h">
      <Filter>IL</Filter>
    </ClInclude>
    <ClInclude Include="src\IL\Events\ApplicationEvent.h">
      <Filter>IL\Events</Filter>
    </ClInclude>
    <ClInclude Include="src\IL\Events\Event.h">
      <Filter>IL\Events</Filter>
    </ClInclude>
    <ClInclude Include="src\IL\Events\KeyEvent.h">
      <Filter>IL\Events</Filter>
    </ClInclude>
    <ClInclude Include="src\IL\Events\MouseEvent.h">
      <Filter>IL\Events</Filter>
    </ClInclude>
    <ClInclude Include="src\IL\Log.h">
      <Filter>IL</Filter>
    </ClInclude>
    <ClInclude Include="src\IL\Window.h">
      <Filter>IL</Filter>
    </ClInclude>
    <ClInclude Include="src\Platform\Windows\WindowsWindow.h">
      <Filter>Platform\Windows</Filter>
    </ClInclude>
    <ClInclude Include="src\ilpch.h" />
  </ItemGroup>
  <ItemGroup>
    <ClCompile Include="src\IL\Application.cpp">
      <Filter>IL</Filter>
    </ClCompile>
    <ClCompile Include="src\IL\Log.cpp">
      <Filter>IL</Filter>
    </ClCompile>
    <ClCompile Include="src\Platform\Windows\WindowsWindow.cpp">
      <Filter>Platform\Windows</Filter>
    </ClCompile>
    <ClCompile Include="src\ilpch.cpp" />
  </ItemGroup>
</Project>